
Microsoft Visual Studio Solution File, Format Version 12.00
# Visual Studio Version 17
VisualStudioVersion = 17.11.35222.181
MinimumVisualStudioVersion = 10.0.40219.1
Project("{FAE04EC0-301F-11D3-BF4B-00C04F79EFBC}") = "AspDotNetCore.ElasticSearch.Kibana", "AspDotNetCore.ElasticSearch.Kibana\AspDotNetCore.ElasticSearch.Kibana.csproj", "{D780AB0F-8E73-4C5F-8463-F25C62EF80A8}"
EndProject
Global
	GlobalSection(SolutionConfigurationPlatforms) = preSolution
		Debug|Any CPU = Debug|Any CPU
		Release|Any CPU = Release|Any CPU
	EndGlobalSection
	GlobalSection(ProjectConfigurationPlatforms) = postSolution
		{D780AB0F-8E73-4C5F-8463-F25C62EF80A8}.Debug|Any CPU.ActiveCfg = Debug|Any CPU
		{D780AB0F-8E73-4C5F-8463-F25C62EF80A8}.Debug|Any CPU.Build.0 = Debug|Any CPU
		{D780AB0F-8E73-4C5F-8463-F25C62EF80A8}.Release|Any CPU.ActiveCfg = Release|Any CPU
		{D780AB0F-8E73-4C5F-8463-F25C62EF80A8}.Release|Any CPU.Build.0 = Release|Any CPU
	EndGlobalSection
	GlobalSection(SolutionProperties) = preSolution
		HideSolutionNode = FALSE
	EndGlobalSection
	GlobalSection(ExtensibilityGlobals) = postSolution
		SolutionGuid = {53536B81-80C4-4BB7-978A-8D21AD2A5DEB}
	EndGlobalSection
EndGlobal
